
Microsoft Visual Studio Solution File, Format Version 12.00
# Visual Studio 15
VisualStudioVersion = 15.0.28010.2016
MinimumVisualStudioVersion = 10.0.40219.1
Project("{FAE04EC0-301F-11D3-BF4B-00C04F79EFBC}") = "1730-cgrafton1B1", "1730-cgrafton1B1\1730-cgrafton1B1.csproj", "{742E8579-51B2-4AE0-86D5-14C095D00351}"
EndProject
Project("{FAE04EC0-301F-11D3-BF4B-00C04F79EFBC}") = "cgrafton1C1", "cgrafton1C1\cgrafton1C1.csproj", "{C9DFFA6C-5400-4D2D-B483-A91076C9B5F7}"
EndProject
Global
	GlobalSection(SolutionConfigurationPlatforms) = preSolution
		Debug|Any CPU = Debug|Any CPU
		Release|Any CPU = Release|Any CPU
	EndGlobalSection
	GlobalSection(ProjectConfigurationPlatforms) = postSolution
		{742E8579-51B2-4AE0-86D5-14C095D00351}.Debug|Any CPU.ActiveCfg = Debug|Any CPU
		{742E8579-51B2-4AE0-86D5-14C095D00351}.Debug|Any CPU.Build.0 = Debug|Any CPU
		{742E8579-51B2-4AE0-86D5-14C095D00351}.Release|Any CPU.ActiveCfg = Release|Any CPU
		{742E8579-51B2-4AE0-86D5-14C095D00351}.Release|Any CPU.Build.0 = Release|Any CPU
		{C9DFFA6C-5400-4D2D-B483-A91076C9B5F7}.Debug|Any CPU.ActiveCfg = Debug|Any CPU
		{C9DFFA6C-5400-4D2D-B483-A91076C9B5F7}.Debug|Any CPU.Build.0 = Debug|Any CPU
		{C9DFFA6C-5400-4D2D-B483-A91076C9B5F7}.Release|Any CPU.ActiveCfg = Release|Any CPU
		{C9DFFA6C-5400-4D2D-B483-A91076C9B5F7}.Release|Any CPU.Build.0 = Release|Any CPU
	EndGlobalSection
	GlobalSection(SolutionProperties) = preSolution
		HideSolutionNode = FALSE
	EndGlobalSection
	GlobalSection(ExtensibilityGlobals) = postSolution
		SolutionGuid = {33E23149-F17C-4671-A157-15953E1EFA8B}
	EndGlobalSection
EndGlobal
