
Microsoft Visual Studio Solution File, Format Version 12.00
# Visual Studio 15
VisualStudioVersion = 15.0.28010.2016
MinimumVisualStudioVersion = 10.0.40219.1
Project("{FAE04EC0-301F-11D3-BF4B-00C04F79EFBC}") = "cgrafton1F", "cgrafton1F\cgrafton1F.csproj", "{70BD89DD-7665-469A-BD25-7C4E6BDF10DD}"
EndProject
Project("{FAE04EC0-301F-11D3-BF4B-00C04F79EFBC}") = "cgrafton 1D", "cgrafton 1D\cgrafton 1D\cgrafton 1D.csproj", "{896F1A8A-A50B-44E0-990C-6DE8E6183EE5}"
EndProject
Project("{FAE04EC0-301F-11D3-BF4B-00C04F79EFBC}") = "cgrafton-1C", "cgrafton-1C\cgrafton-1C\cgrafton-1C.csproj", "{B5966771-3E4C-4073-90DC-77EEE0792FF2}"
EndProject
Project("{FAE04EC0-301F-11D3-BF4B-00C04F79EFBC}") = "1730-cgrafton1B1", "1730-cgrafton1B1\1730-cgrafton1B1\1730-cgrafton1B1.csproj", "{742E8579-51B2-4AE0-86D5-14C095D00351}"
EndProject
Project("{FAE04EC0-301F-11D3-BF4B-00C04F79EFBC}") = "cgrafton1E", "cgrafton1E\cgrafton1E\cgrafton1E.csproj", "{FE06445F-C43A-40B3-8FD0-C9C99A18FB17}"
EndProject
Project("{FAE04EC0-301F-11D3-BF4B-00C04F79EFBC}") = "cgrafton 1G1", "cgrafton 1G1\cgrafton 1G1.csproj", "{60CBE99D-9AB4-49EE-931D-63714B2E9EC5}"
EndProject
Project("{FAE04EC0-301F-11D3-BF4B-00C04F79EFBC}") = "cgrafton2A1", "cgrafton2A1\cgrafton2A1.csproj", "{DA8BB675-2870-4FD9-BBAB-18B3CCB63A07}"
EndProject
Project("{FAE04EC0-301F-11D3-BF4B-00C04F79EFBC}") = "cgrafton-2B1", "cgrafton-2B1\cgrafton-2B1.csproj", "{BF6CEF97-C16F-4936-B8FC-4DA7D81BD976}"
EndProject
Project("{FAE04EC0-301F-11D3-BF4B-00C04F79EFBC}") = "cgrafton2C1", "cgrafton2C1\cgrafton2C1.csproj", "{5123CD77-ED55-4AC7-AA1B-A2595E2E095D}"
EndProject
Project("{FAE04EC0-301F-11D3-BF4B-00C04F79EFBC}") = "cgrafton2D", "cgrafton2D\cgrafton2D.csproj", "{B50321DE-4D16-4A2C-AF69-8E342817E060}"
EndProject
Project("{FAE04EC0-301F-11D3-BF4B-00C04F79EFBC}") = "cgrafton2E1", "cgrafton2E1\cgrafton2E1.csproj", "{B59F8285-3293-4E66-98EC-82349A1230D7}"
EndProject
Project("{FAE04EC0-301F-11D3-BF4B-00C04F79EFBC}") = "cgrafton2E1UnitTests", "cgrafton2E1UnitTests\cgrafton2E1UnitTests.csproj", "{EE637D0D-F856-4A04-8351-009460D60D97}"
EndProject
Project("{FAE04EC0-301F-11D3-BF4B-00C04F79EFBC}") = "cgrafton2F1", "cgrafton2F1\cgrafton2F1.csproj", "{451B3673-65A4-4B88-9529-2C7A70C7B917}"
EndProject
Project("{FAE04EC0-301F-11D3-BF4B-00C04F79EFBC}") = "cgrafton2F1UnitTests", "cgrafton2F1UnitTests\cgrafton2F1UnitTests.csproj", "{86FC0D2C-2FB8-429C-A649-42CD7A5414FD}"
EndProject
Global
	GlobalSection(SolutionConfigurationPlatforms) = preSolution
		Debug|Any CPU = Debug|Any CPU
		Release|Any CPU = Release|Any CPU
	EndGlobalSection
	GlobalSection(ProjectConfigurationPlatforms) = postSolution
		{70BD89DD-7665-469A-BD25-7C4E6BDF10DD}.Debug|Any CPU.ActiveCfg = Debug|Any CPU
		{70BD89DD-7665-469A-BD25-7C4E6BDF10DD}.Debug|Any CPU.Build.0 = Debug|Any CPU
		{70BD89DD-7665-469A-BD25-7C4E6BDF10DD}.Release|Any CPU.ActiveCfg = Release|Any CPU
		{70BD89DD-7665-469A-BD25-7C4E6BDF10DD}.Release|Any CPU.Build.0 = Release|Any CPU
		{896F1A8A-A50B-44E0-990C-6DE8E6183EE5}.Debug|Any CPU.ActiveCfg = Debug|Any CPU
		{896F1A8A-A50B-44E0-990C-6DE8E6183EE5}.Debug|Any CPU.Build.0 = Debug|Any CPU
		{896F1A8A-A50B-44E0-990C-6DE8E6183EE5}.Release|Any CPU.ActiveCfg = Release|Any CPU
		{896F1A8A-A50B-44E0-990C-6DE8E6183EE5}.Release|Any CPU.Build.0 = Release|Any CPU
		{B5966771-3E4C-4073-90DC-77EEE0792FF2}.Debug|Any CPU.ActiveCfg = Debug|Any CPU
		{B5966771-3E4C-4073-90DC-77EEE0792FF2}.Debug|Any CPU.Build.0 = Debug|Any CPU
		{B5966771-3E4C-4073-90DC-77EEE0792FF2}.Release|Any CPU.ActiveCfg = Release|Any CPU
		{B5966771-3E4C-4073-90DC-77EEE0792FF2}.Release|Any CPU.Build.0 = Release|Any CPU
		{742E8579-51B2-4AE0-86D5-14C095D00351}.Debug|Any CPU.ActiveCfg = Debug|Any CPU
		{742E8579-51B2-4AE0-86D5-14C095D00351}.Debug|Any CPU.Build.0 = Debug|Any CPU
		{742E8579-51B2-4AE0-86D5-14C095D00351}.Release|Any CPU.ActiveCfg = Release|Any CPU
		{742E8579-51B2-4AE0-86D5-14C095D00351}.Release|Any CPU.Build.0 = Release|Any CPU
		{FE06445F-C43A-40B3-8FD0-C9C99A18FB17}.Debug|Any CPU.ActiveCfg = Debug|Any CPU
		{FE06445F-C43A-40B3-8FD0-C9C99A18FB17}.Debug|Any CPU.Build.0 = Debug|Any CPU
		{FE06445F-C43A-40B3-8FD0-C9C99A18FB17}.Release|Any CPU.ActiveCfg = Release|Any CPU
		{FE06445F-C43A-40B3-8FD0-C9C99A18FB17}.Release|Any CPU.Build.0 = Release|Any CPU
		{60CBE99D-9AB4-49EE-931D-63714B2E9EC5}.Debug|Any CPU.ActiveCfg = Debug|Any CPU
		{60CBE99D-9AB4-49EE-931D-63714B2E9EC5}.Debug|Any CPU.Build.0 = Debug|Any CPU
		{60CBE99D-9AB4-49EE-931D-63714B2E9EC5}.Release|Any CPU.ActiveCfg = Release|Any CPU
		{60CBE99D-9AB4-49EE-931D-63714B2E9EC5}.Release|Any CPU.Build.0 = Release|Any CPU
		{DA8BB675-2870-4FD9-BBAB-18B3CCB63A07}.Debug|Any CPU.ActiveCfg = Debug|Any CPU
		{DA8BB675-2870-4FD9-BBAB-18B3CCB63A07}.Debug|Any CPU.Build.0 = Debug|Any CPU
		{DA8BB675-2870-4FD9-BBAB-18B3CCB63A07}.Release|Any CPU.ActiveCfg = Release|Any CPU
		{DA8BB675-2870-4FD9-BBAB-18B3CCB63A07}.Release|Any CPU.Build.0 = Release|Any CPU
		{BF6CEF97-C16F-4936-B8FC-4DA7D81BD976}.Debug|Any CPU.ActiveCfg = Debug|Any CPU
		{BF6CEF97-C16F-4936-B8FC-4DA7D81BD976}.Debug|Any CPU.Build.0 = Debug|Any CPU
		{BF6CEF97-C16F-4936-B8FC-4DA7D81BD976}.Release|Any CPU.ActiveCfg = Release|Any CPU
		{BF6CEF97-C16F-4936-B8FC-4DA7D81BD976}.Release|Any CPU.Build.0 = Release|Any CPU
		{5123CD77-ED55-4AC7-AA1B-A2595E2E095D}.Debug|Any CPU.ActiveCfg = Debug|Any CPU
		{5123CD77-ED55-4AC7-AA1B-A2595E2E095D}.Debug|Any CPU.Build.0 = Debug|Any CPU
		{5123CD77-ED55-4AC7-AA1B-A2595E2E095D}.Release|Any CPU.ActiveCfg = Release|Any CPU
		{5123CD77-ED55-4AC7-AA1B-A2595E2E095D}.Release|Any CPU.Build.0 = Release|Any CPU
		{B50321DE-4D16-4A2C-AF69-8E342817E060}.Debug|Any CPU.ActiveCfg = Debug|Any CPU
		{B50321DE-4D16-4A2C-AF69-8E342817E060}.Debug|Any CPU.Build.0 = Debug|Any CPU
		{B50321DE-4D16-4A2C-AF69-8E342817E060}.Release|Any CPU.ActiveCfg = Release|Any CPU
		{B50321DE-4D16-4A2C-AF69-8E342817E060}.Release|Any CPU.Build.0 = Release|Any CPU
		{B59F8285-3293-4E66-98EC-82349A1230D7}.Debug|Any CPU.ActiveCfg = Debug|Any CPU
		{B59F8285-3293-4E66-98EC-82349A1230D7}.Debug|Any CPU.Build.0 = Debug|Any CPU
		{B59F8285-3293-4E66-98EC-82349A1230D7}.Release|Any CPU.ActiveCfg = Release|Any CPU
		{B59F8285-3293-4E66-98EC-82349A1230D7}.Release|Any CPU.Build.0 = Release|Any CPU
		{EE637D0D-F856-4A04-8351-009460D60D97}.Debug|Any CPU.ActiveCfg = Debug|Any CPU
		{EE637D0D-F856-4A04-8351-009460D60D97}.Debug|Any CPU.Build.0 = Debug|Any CPU
		{EE637D0D-F856-4A04-8351-009460D60D97}.Release|Any CPU.ActiveCfg = Release|Any CPU
		{EE637D0D-F856-4A04-8351-009460D60D97}.Release|Any CPU.Build.0 = Release|Any CPU
		{451B3673-65A4-4B88-9529-2C7A70C7B917}.Debug|Any CPU.ActiveCfg = Debug|Any CPU
		{451B3673-65A4-4B88-9529-2C7A70C7B917}.Debug|Any CPU.Build.0 = Debug|Any CPU
		{451B3673-65A4-4B88-9529-2C7A70C7B917}.Release|Any CPU.ActiveCfg = Release|Any CPU
		{451B3673-65A4-4B88-9529-2C7A70C7B917}.Release|Any CPU.Build.0 = Release|Any CPU
		{86FC0D2C-2FB8-429C-A649-42CD7A5414FD}.Debug|Any CPU.ActiveCfg = Debug|Any CPU
		{86FC0D2C-2FB8-429C-A649-42CD7A5414FD}.Debug|Any CPU.Build.0 = Debug|Any CPU
		{86FC0D2C-2FB8-429C-A649-42CD7A5414FD}.Release|Any CPU.ActiveCfg = Release|Any CPU
		{86FC0D2C-2FB8-429C-A649-42CD7A5414FD}.Release|Any CPU.Build.0 = Release|Any CPU
	EndGlobalSection
	GlobalSection(SolutionProperties) = preSolution
		HideSolutionNode = FALSE
	EndGlobalSection
	GlobalSection(ExtensibilityGlobals) = postSolution
		SolutionGuid = {828319D0-7121-4C7F-BC0D-57E1F507AFBC}
	EndGlobalSection
EndGlobal
