
Microsoft Visual Studio Solution File, Format Version 12.00
# Visual Studio 15
VisualStudioVersion = 15.0.28010.2016
MinimumVisualStudioVersion = 10.0.40219.1
Project("{FAE04EC0-301F-11D3-BF4B-00C04F79EFBC}") = "cgrafton1E", "cgrafton1E\cgrafton1E.csproj", "{FE06445F-C43A-40B3-8FD0-C9C99A18FB17}"
EndProject
Global
	GlobalSection(SolutionConfigurationPlatforms) = preSolution
		Debug|Any CPU = Debug|Any CPU
		Release|Any CPU = Release|Any CPU
	EndGlobalSection
	GlobalSection(ProjectConfigurationPlatforms) = postSolution
		{FE06445F-C43A-40B3-8FD0-C9C99A18FB17}.Debug|Any CPU.ActiveCfg = Debug|Any CPU
		{FE06445F-C43A-40B3-8FD0-C9C99A18FB17}.Debug|Any CPU.Build.0 = Debug|Any CPU
		{FE06445F-C43A-40B3-8FD0-C9C99A18FB17}.Release|Any CPU.ActiveCfg = Release|Any CPU
		{FE06445F-C43A-40B3-8FD0-C9C99A18FB17}.Release|Any CPU.Build.0 = Release|Any CPU
	EndGlobalSection
	GlobalSection(SolutionProperties) = preSolution
		HideSolutionNode = FALSE
	EndGlobalSection
	GlobalSection(ExtensibilityGlobals) = postSolution
		SolutionGuid = {59C4B96C-7DCC-477E-8819-F42006E07414}
	EndGlobalSection
EndGlobal
